PODS:
  - lottie-ios (3.0.4)
  - Masonry (1.1.0)
  - MJExtension (3.2.1)
  - MJRefresh (3.1.15.3)
  - SDWebImage (5.0.0-beta3):
    - SDWebImage/Core (= 5.0.0-beta3)
  - SDWebImage/Core (5.0.0-beta3)
  - YYKit (1.0.9):
    - YYKit/no-arc (= 1.0.9)
  - YYKit/no-arc (1.0.9)
  - ZSSModel (0.0.2)

DEPENDENCIES:
  - lottie-ios
  - Masonry (~> 1.1.0)
  - MJExtension
  - MJRefresh (~> 3.1.15.3)
  - SDWebImage (~> 5.0.0-beta3)
  - YYKit
  - ZSSModel

SPEC REPOS:
  https://github.com/CocoaPods/Specs.git:
    - lottie-ios
    - MJRefresh
    - SDWebImage
    - ZSSModel
  trunk:
    - Masonry
    - MJExtension
    - YYKit

SPEC CHECKSUMS:
  lottie-ios: 55a2de40418f8de2b155efaba4d4d1a025a5c570
  Masonry: 678fab65091a9290e40e2832a55e7ab731aad201
  MJExtension: 635f2c663dcb1bf76fa4b715b2570a5710aec545
  MJRefresh: b48380ae2b927b46c4ef000de9adb8dc748e1df7
  SDWebImage: e52654ceef9fdc19f4c612d64a5b6d3f05dd81a4
  YYKit: 7cda43304a8dc3696c449041e2cb3107b4e236e7
  ZSSModel: f63bd88a6b5c94109a992d488693e03d58d271dd

PODFILE CHECKSUM: 8b601823b312fd246016d10250e8d3c4ce929f88

COCOAPODS: 1.8.4
